
Microsoft Visual Studio Solution File, Format Version 12.00
# Visual Studio 15
VisualStudioVersion = 15.0.28307.168
MinimumVisualStudioVersion = 10.0.40219.1
Project("{FAE04EC0-301F-11D3-BF4B-00C04F79EFBC}") = "SubMotion", "SubMotion\SubMotion.csproj", "{05FD7229-DD46-4663-ADBA-DE7B016D24ED}"
EndProject
Global
	GlobalSection(SolutionConfigurationPlatforms) = preSolution
		Debug|Any CPU = Debug|Any CPU
		Release|Any CPU = Release|Any CPU
	EndGlobalSection
	GlobalSection(ProjectConfigurationPlatforms) = postSolution
		{05FD7229-DD46-4663-ADBA-DE7B016D24ED}.Debug|Any CPU.ActiveCfg = Debug|Any CPU
		{05FD7229-DD46-4663-ADBA-DE7B016D24ED}.Debug|Any CPU.Build.0 = Debug|Any CPU
		{05FD7229-DD46-4663-ADBA-DE7B016D24ED}.Release|Any CPU.ActiveCfg = Release|Any CPU
		{05FD7229-DD46-4663-ADBA-DE7B016D24ED}.Release|Any CPU.Build.0 = Release|Any CPU
	EndGlobalSection
	GlobalSection(SolutionProperties) = preSolution
		HideSolutionNode = FALSE
	EndGlobalSection
	GlobalSection(ExtensibilityGlobals) = postSolution
		SolutionGuid = {6F73E48E-41B8-4649-B71E-63A24B8B315D}
	EndGlobalSection
EndGlobal
